
Microsoft Visual Studio Solution File, Format Version 12.00
# Visual Studio Version 16
VisualStudioVersion = 16.0.29326.143
MinimumVisualStudioVersion = 10.0.40219.1
Project("{FAE04EC0-301F-11D3-BF4B-00C04F79EFBC}") = "Map.Comunicator.API", "Map.Comunicator.API\Map.Comunicator.API.csproj", "{1F4EE555-58B1-4C65-B2DC-B4C860E490F1}"
EndProject
Project("{FAE04EC0-301F-11D3-BF4B-00C04F79EFBC}") = "Map.Comunicator.Domain", "..\Map.Comunicator.Domain\Map.Comunicator.Domain.csproj", "{0125CBF5-905A-4255-8C91-B7AAF339ADBD}"
EndProject
Project("{FAE04EC0-301F-11D3-BF4B-00C04F79EFBC}") = "Map.Comunicator.EF", "..\Map.Comunicator.EF\Map.Comunicator.EF.csproj", "{4A9669A3-3C74-4649-82D7-26EE109619BA}"
EndProject
Project("{FAE04EC0-301F-11D3-BF4B-00C04F79EFBC}") = "Map.Comunicator.Service", "..\Map.Comunicator.Service\Map.Comunicator.Service.csproj", "{09011D32-829A-4F64-8B27-A245895555DA}"
EndProject
Project("{FAE04EC0-301F-11D3-BF4B-00C04F79EFBC}") = "Map.Comunicator.Test", "..\Map.Comunicator.Test\Map.Comunicator.Test.csproj", "{47535FDD-229F-425A-926D-E156B3310AE1}"
EndProject
Global
	GlobalSection(SolutionConfigurationPlatforms) = preSolution
		Debug|Any CPU = Debug|Any CPU
		Release|Any CPU = Release|Any CPU
	EndGlobalSection
	GlobalSection(ProjectConfigurationPlatforms) = postSolution
		{1F4EE555-58B1-4C65-B2DC-B4C860E490F1}.Debug|Any CPU.ActiveCfg = Debug|Any CPU
		{1F4EE555-58B1-4C65-B2DC-B4C860E490F1}.Debug|Any CPU.Build.0 = Debug|Any CPU
		{1F4EE555-58B1-4C65-B2DC-B4C860E490F1}.Release|Any CPU.ActiveCfg = Release|Any CPU
		{1F4EE555-58B1-4C65-B2DC-B4C860E490F1}.Release|Any CPU.Build.0 = Release|Any CPU
		{0125CBF5-905A-4255-8C91-B7AAF339ADBD}.Debug|Any CPU.ActiveCfg = Debug|Any CPU
		{0125CBF5-905A-4255-8C91-B7AAF339ADBD}.Debug|Any CPU.Build.0 = Debug|Any CPU
		{0125CBF5-905A-4255-8C91-B7AAF339ADBD}.Release|Any CPU.ActiveCfg = Release|Any CPU
		{0125CBF5-905A-4255-8C91-B7AAF339ADBD}.Release|Any CPU.Build.0 = Release|Any CPU
		{4A9669A3-3C74-4649-82D7-26EE109619BA}.Debug|Any CPU.ActiveCfg = Debug|Any CPU
		{4A9669A3-3C74-4649-82D7-26EE109619BA}.Debug|Any CPU.Build.0 = Debug|Any CPU
		{4A9669A3-3C74-4649-82D7-26EE109619BA}.Release|Any CPU.ActiveCfg = Release|Any CPU
		{4A9669A3-3C74-4649-82D7-26EE109619BA}.Release|Any CPU.Build.0 = Release|Any CPU
		{09011D32-829A-4F64-8B27-A245895555DA}.Debug|Any CPU.ActiveCfg = Debug|Any CPU
		{09011D32-829A-4F64-8B27-A245895555DA}.Debug|Any CPU.Build.0 = Debug|Any CPU
		{09011D32-829A-4F64-8B27-A245895555DA}.Release|Any CPU.ActiveCfg = Release|Any CPU
		{09011D32-829A-4F64-8B27-A245895555DA}.Release|Any CPU.Build.0 = Release|Any CPU
		{47535FDD-229F-425A-926D-E156B3310AE1}.Debug|Any CPU.ActiveCfg = Debug|Any CPU
		{47535FDD-229F-425A-926D-E156B3310AE1}.Debug|Any CPU.Build.0 = Debug|Any CPU
		{47535FDD-229F-425A-926D-E156B3310AE1}.Release|Any CPU.ActiveCfg = Release|Any CPU
		{47535FDD-229F-425A-926D-E156B3310AE1}.Release|Any CPU.Build.0 = Release|Any CPU
	EndGlobalSection
	GlobalSection(SolutionProperties) = preSolution
		HideSolutionNode = FALSE
	EndGlobalSection
	GlobalSection(ExtensibilityGlobals) = postSolution
		SolutionGuid = {2BA85021-3DB0-4748-AB30-6318ED669904}
	EndGlobalSection
EndGlobal
